
Microsoft Visual Studio Solution File, Format Version 12.00
# Visual Studio 15
VisualStudioVersion = 15.0.28307.489
MinimumVisualStudioVersion = 10.0.40219.1
Project("{FAE04EC0-301F-11D3-BF4B-00C04F79EFBC}") = "MESInterface", "MESInterface\MESInterface.csproj", "{CF262740-0B89-4904-9BBD-0A268BE53362}"
EndProject
Project("{9A19103F-16F7-4668-BE54-9A1E7A4F7556}") = "CommonUtils", "..\..\..\..\CommonRepository\MyCommonLibrary001\CommonUtils\CommonUtils\CommonUtils.csproj", "{68BE9EAB-EADC-43D6-820A-9883FA18F8AB}"
EndProject
Global
	GlobalSection(SolutionConfigurationPlatforms) = preSolution
		Debug|Any CPU = Debug|Any CPU
		Release|Any CPU = Release|Any CPU
	EndGlobalSection
	GlobalSection(ProjectConfigurationPlatforms) = postSolution
		{CF262740-0B89-4904-9BBD-0A268BE53362}.Debug|Any CPU.ActiveCfg = Debug|Any CPU
		{CF262740-0B89-4904-9BBD-0A268BE53362}.Debug|Any CPU.Build.0 = Debug|Any CPU
		{CF262740-0B89-4904-9BBD-0A268BE53362}.Release|Any CPU.ActiveCfg = Release|Any CPU
		{CF262740-0B89-4904-9BBD-0A268BE53362}.Release|Any CPU.Build.0 = Release|Any CPU
		{68BE9EAB-EADC-43D6-820A-9883FA18F8AB}.Debug|Any CPU.ActiveCfg = Debug|Any CPU
		{68BE9EAB-EADC-43D6-820A-9883FA18F8AB}.Debug|Any CPU.Build.0 = Debug|Any CPU
		{68BE9EAB-EADC-43D6-820A-9883FA18F8AB}.Release|Any CPU.ActiveCfg = Release|Any CPU
		{68BE9EAB-EADC-43D6-820A-9883FA18F8AB}.Release|Any CPU.Build.0 = Release|Any CPU
	EndGlobalSection
	GlobalSection(SolutionProperties) = preSolution
		HideSolutionNode = FALSE
	EndGlobalSection
	GlobalSection(ExtensibilityGlobals) = postSolution
		SolutionGuid = {2B7749BF-36B7-4B34-9F03-B6AAF9CC206F}
	EndGlobalSection
EndGlobal
