
Microsoft Visual Studio Solution File, Format Version 12.00
# Visual Studio Version 16
VisualStudioVersion = 16.0.29411.108
MinimumVisualStudioVersion = 10.0.40219.1
Project("{FAE04EC0-301F-11D3-BF4B-00C04F79EFBC}") = "UnBindProduct", "UnBindProduct\UnBindProduct.csproj", "{D498C3CE-C5EF-4292-B2EC-A092F06344FF}"
EndProject
Global
	GlobalSection(SolutionConfigurationPlatforms) = preSolution
		Debug|Any CPU = Debug|Any CPU
		Release|Any CPU = Release|Any CPU
	EndGlobalSection
	GlobalSection(ProjectConfigurationPlatforms) = postSolution
		{D498C3CE-C5EF-4292-B2EC-A092F06344FF}.Debug|Any CPU.ActiveCfg = Debug|Any CPU
		{D498C3CE-C5EF-4292-B2EC-A092F06344FF}.Debug|Any CPU.Build.0 = Debug|Any CPU
		{D498C3CE-C5EF-4292-B2EC-A092F06344FF}.Release|Any CPU.ActiveCfg = Release|Any CPU
		{D498C3CE-C5EF-4292-B2EC-A092F06344FF}.Release|Any CPU.Build.0 = Release|Any CPU
	EndGlobalSection
	GlobalSection(SolutionProperties) = preSolution
		HideSolutionNode = FALSE
	EndGlobalSection
	GlobalSection(ExtensibilityGlobals) = postSolution
		SolutionGuid = {6290F775-1E75-4F70-B7B0-1C43FA20D4A9}
	EndGlobalSection
EndGlobal
