
Microsoft Visual Studio Solution File, Format Version 12.00
# Visual Studio 15
VisualStudioVersion = 15.0.28307.489
MinimumVisualStudioVersion = 10.0.40219.1
Project("{FAE04EC0-301F-11D3-BF4B-00C04F79EFBC}") = "MesWcfService", "MesWcfService\MesWcfService.csproj", "{2755E39A-77F6-4EF8-959D-0598F17B342D}"
EndProject
Project("{9A19103F-16F7-4668-BE54-9A1E7A4F7556}") = "CommonUtils", "..\..\..\..\..\CommonRepository\MyCommonLibrary001\CommonUtils\CommonUtils\CommonUtils.csproj", "{302D8A43-249B-49D6-9B8A-10E538359BCD}"
EndProject
Global
	GlobalSection(SolutionConfigurationPlatforms) = preSolution
		Debug|Any CPU = Debug|Any CPU
		Release|Any CPU = Release|Any CPU
	EndGlobalSection
	GlobalSection(ProjectConfigurationPlatforms) = postSolution
		{2755E39A-77F6-4EF8-959D-0598F17B342D}.Debug|Any CPU.ActiveCfg = Debug|Any CPU
		{2755E39A-77F6-4EF8-959D-0598F17B342D}.Debug|Any CPU.Build.0 = Debug|Any CPU
		{2755E39A-77F6-4EF8-959D-0598F17B342D}.Release|Any CPU.ActiveCfg = Release|Any CPU
		{2755E39A-77F6-4EF8-959D-0598F17B342D}.Release|Any CPU.Build.0 = Release|Any CPU
		{302D8A43-249B-49D6-9B8A-10E538359BCD}.Debug|Any CPU.ActiveCfg = Debug|Any CPU
		{302D8A43-249B-49D6-9B8A-10E538359BCD}.Debug|Any CPU.Build.0 = Debug|Any CPU
		{302D8A43-249B-49D6-9B8A-10E538359BCD}.Release|Any CPU.ActiveCfg = Release|Any CPU
		{302D8A43-249B-49D6-9B8A-10E538359BCD}.Release|Any CPU.Build.0 = Release|Any CPU
	EndGlobalSection
	GlobalSection(SolutionProperties) = preSolution
		HideSolutionNode = FALSE
	EndGlobalSection
	GlobalSection(ExtensibilityGlobals) = postSolution
		SolutionGuid = {2B7749BF-36B7-4B34-9F03-B6AAF9CC206F}
	EndGlobalSection
EndGlobal
