
Microsoft Visual Studio Solution File, Format Version 12.00
# Visual Studio Version 16
VisualStudioVersion = 16.0.29609.76
MinimumVisualStudioVersion = 10.0.40219.1
Project("{FAE04EC0-301F-11D3-BF4B-00C04F79EFBC}") = "MesTest", "MesTest\MesTest.csproj", "{FF93D44C-D3E6-48D2-9E4E-A42B88A3FA83}"
EndProject
Global
	GlobalSection(SolutionConfigurationPlatforms) = preSolution
		Debug|Any CPU = Debug|Any CPU
		Release|Any CPU = Release|Any CPU
	EndGlobalSection
	GlobalSection(ProjectConfigurationPlatforms) = postSolution
		{FF93D44C-D3E6-48D2-9E4E-A42B88A3FA83}.Debug|Any CPU.ActiveCfg = Debug|Any CPU
		{FF93D44C-D3E6-48D2-9E4E-A42B88A3FA83}.Debug|Any CPU.Build.0 = Debug|Any CPU
		{FF93D44C-D3E6-48D2-9E4E-A42B88A3FA83}.Release|Any CPU.ActiveCfg = Release|Any CPU
		{FF93D44C-D3E6-48D2-9E4E-A42B88A3FA83}.Release|Any CPU.Build.0 = Release|Any CPU
	EndGlobalSection
	GlobalSection(SolutionProperties) = preSolution
		HideSolutionNode = FALSE
	EndGlobalSection
	GlobalSection(ExtensibilityGlobals) = postSolution
		SolutionGuid = {1B3CC7A9-499E-48F4-9BB3-70C07BE7E792}
	EndGlobalSection
EndGlobal
